
Microsoft Visual Studio Solution File, Format Version 12.00
# Visual Studio 15
VisualStudioVersion = 15.0.27703.2047
MinimumVisualStudioVersion = 10.0.40219.1
Project("{FAE04EC0-301F-11D3-BF4B-00C04F79EFBC}") = "ExemploComboBox", "ExemploComboBox\ExemploComboBox.csproj", "{D7474D93-A087-4A68-BA01-F505F82B6684}"
EndProject
Global
	GlobalSection(SolutionConfigurationPlatforms) = preSolution
		Debug|Any CPU = Debug|Any CPU
		Release|Any CPU = Release|Any CPU
	EndGlobalSection
	GlobalSection(ProjectConfigurationPlatforms) = postSolution
		{D7474D93-A087-4A68-BA01-F505F82B6684}.Debug|Any CPU.ActiveCfg = Debug|Any CPU
		{D7474D93-A087-4A68-BA01-F505F82B6684}.Debug|Any CPU.Build.0 = Debug|Any CPU
		{D7474D93-A087-4A68-BA01-F505F82B6684}.Release|Any CPU.ActiveCfg = Release|Any CPU
		{D7474D93-A087-4A68-BA01-F505F82B6684}.Release|Any CPU.Build.0 = Release|Any CPU
	EndGlobalSection
	GlobalSection(SolutionProperties) = preSolution
		HideSolutionNode = FALSE
	EndGlobalSection
	GlobalSection(ExtensibilityGlobals) = postSolution
		SolutionGuid = {E7511C25-5A14-4F3D-9246-4C75ECE986C7}
	EndGlobalSection
EndGlobal
